
Microsoft Visual Studio Solution File, Format Version 12.00
# Visual Studio 15
VisualStudioVersion = 15.0.28307.1267
MinimumVisualStudioVersion = 10.0.40219.1
Project("{8BC9CEB8-8B4A-11D0-8D11-00A0C91BC942}") = "key1", "cs577projectfiles\cs577projectfiles.vcxproj", "{57DADC55-241F-4AC9-A32C-0D1EA2B1757F}"
EndProject
Project("{2150E333-8FDC-42A3-9474-1A3956D46DE8}") = "keys", "keys", "{C09832DA-D7C5-42CA-8D89-E67CD57E313B}"
EndProject
Project("{2150E333-8FDC-42A3-9474-1A3956D46DE8}") = "behaviors", "behaviors", "{77AD8BBB-FF2E-4018-9449-4B67617E236C}"
EndProject
Project("{8BC9CEB8-8B4A-11D0-8D11-00A0C91BC942}") = "behavior1", "behavior1\behavior1.vcxproj", "{4682F17E-48F6-473D-88E9-29972B6AC44C}"
EndProject
Project("{8BC9CEB8-8B4A-11D0-8D11-00A0C91BC942}") = "behavior2", "behavior2\behavior2.vcxproj", "{4EC9CE99-2382-48BB-8845-9851CD5FABA0}"
EndProject
Project("{8BC9CEB8-8B4A-11D0-8D11-00A0C91BC942}") = "behavior3", "behavior3\behavior3.vcxproj", "{DDBB3AD2-DEF7-4AA4-B262-5F7AF88A0C56}"
EndProject
Project("{2150E333-8FDC-42A3-9474-1A3956D46DE8}") = "Solution Items", "Solution Items", "{1B58C32C-CD4D-490A-A2DD-6C96DB061DF9}"
	ProjectSection(SolutionItems) = preProject
		breakdown.txt = breakdown.txt
	EndProjectSection
EndProject
Project("{8BC9CEB8-8B4A-11D0-8D11-00A0C91BC942}") = "keycommon", "keycommon\keycommon.vcxproj", "{8DFF83BF-A828-44F8-B33A-F83C60F8602C}"
EndProject
Project("{8BC9CEB8-8B4A-11D0-8D11-00A0C91BC942}") = "key2", "key2\key2.vcxproj", "{8A57189A-73B9-4A19-92A6-7E1261F19492}"
EndProject
Global
	GlobalSection(SolutionConfigurationPlatforms) = preSolution
		Debug|ARM = Debug|ARM
		Debug|ARM64 = Debug|ARM64
		Debug|x64 = Debug|x64
		Debug|x86 = Debug|x86
		Release|ARM = Release|ARM
		Release|ARM64 = Release|ARM64
		Release|x64 = Release|x64
		Release|x86 = Release|x86
	EndGlobalSection
	GlobalSection(ProjectConfigurationPlatforms) = postSolution
		{57DADC55-241F-4AC9-A32C-0D1EA2B1757F}.Debug|ARM.ActiveCfg = Debug|ARM
		{57DADC55-241F-4AC9-A32C-0D1EA2B1757F}.Debug|ARM.Build.0 = Debug|ARM
		{57DADC55-241F-4AC9-A32C-0D1EA2B1757F}.Debug|ARM64.ActiveCfg = Debug|ARM64
		{57DADC55-241F-4AC9-A32C-0D1EA2B1757F}.Debug|ARM64.Build.0 = Debug|ARM64
		{57DADC55-241F-4AC9-A32C-0D1EA2B1757F}.Debug|x64.ActiveCfg = Debug|x64
		{57DADC55-241F-4AC9-A32C-0D1EA2B1757F}.Debug|x64.Build.0 = Debug|x64
		{57DADC55-241F-4AC9-A32C-0D1EA2B1757F}.Debug|x86.ActiveCfg = Debug|x86
		{57DADC55-241F-4AC9-A32C-0D1EA2B1757F}.Debug|x86.Build.0 = Debug|x86
		{57DADC55-241F-4AC9-A32C-0D1EA2B1757F}.Release|ARM.ActiveCfg = Release|ARM
		{57DADC55-241F-4AC9-A32C-0D1EA2B1757F}.Release|ARM.Build.0 = Release|ARM
		{57DADC55-241F-4AC9-A32C-0D1EA2B1757F}.Release|ARM64.ActiveCfg = Release|ARM64
		{57DADC55-241F-4AC9-A32C-0D1EA2B1757F}.Release|ARM64.Build.0 = Release|ARM64
		{57DADC55-241F-4AC9-A32C-0D1EA2B1757F}.Release|x64.ActiveCfg = Release|x64
		{57DADC55-241F-4AC9-A32C-0D1EA2B1757F}.Release|x64.Build.0 = Release|x64
		{57DADC55-241F-4AC9-A32C-0D1EA2B1757F}.Release|x86.ActiveCfg = Release|x86
		{57DADC55-241F-4AC9-A32C-0D1EA2B1757F}.Release|x86.Build.0 = Release|x86
		{4682F17E-48F6-473D-88E9-29972B6AC44C}.Debug|ARM.ActiveCfg = Debug|ARM
		{4682F17E-48F6-473D-88E9-29972B6AC44C}.Debug|ARM.Build.0 = Debug|ARM
		{4682F17E-48F6-473D-88E9-29972B6AC44C}.Debug|ARM64.ActiveCfg = Debug|ARM64
		{4682F17E-48F6-473D-88E9-29972B6AC44C}.Debug|ARM64.Build.0 = Debug|ARM64
		{4682F17E-48F6-473D-88E9-29972B6AC44C}.Debug|x64.ActiveCfg = Debug|x64
		{4682F17E-48F6-473D-88E9-29972B6AC44C}.Debug|x64.Build.0 = Debug|x64
		{4682F17E-48F6-473D-88E9-29972B6AC44C}.Debug|x86.ActiveCfg = Debug|x86
		{4682F17E-48F6-473D-88E9-29972B6AC44C}.Debug|x86.Build.0 = Debug|x86
		{4682F17E-48F6-473D-88E9-29972B6AC44C}.Release|ARM.ActiveCfg = Release|ARM
		{4682F17E-48F6-473D-88E9-29972B6AC44C}.Release|ARM.Build.0 = Release|ARM
		{4682F17E-48F6-473D-88E9-29972B6AC44C}.Release|ARM64.ActiveCfg = Release|ARM64
		{4682F17E-48F6-473D-88E9-29972B6AC44C}.Release|ARM64.Build.0 = Release|ARM64
		{4682F17E-48F6-473D-88E9-29972B6AC44C}.Release|x64.ActiveCfg = Release|x64
		{4682F17E-48F6-473D-88E9-29972B6AC44C}.Release|x64.Build.0 = Release|x64
		{4682F17E-48F6-473D-88E9-29972B6AC44C}.Release|x86.ActiveCfg = Release|x86
		{4682F17E-48F6-473D-88E9-29972B6AC44C}.Release|x86.Build.0 = Release|x86
		{4EC9CE99-2382-48BB-8845-9851CD5FABA0}.Debug|ARM.ActiveCfg = Debug|ARM
		{4EC9CE99-2382-48BB-8845-9851CD5FABA0}.Debug|ARM.Build.0 = Debug|ARM
		{4EC9CE99-2382-48BB-8845-9851CD5FABA0}.Debug|ARM64.ActiveCfg = Debug|ARM64
		{4EC9CE99-2382-48BB-8845-9851CD5FABA0}.Debug|ARM64.Build.0 = Debug|ARM64
		{4EC9CE99-2382-48BB-8845-9851CD5FABA0}.Debug|x64.ActiveCfg = Debug|x64
		{4EC9CE99-2382-48BB-8845-9851CD5FABA0}.Debug|x64.Build.0 = Debug|x64
		{4EC9CE99-2382-48BB-8845-9851CD5FABA0}.Debug|x86.ActiveCfg = Debug|x86
		{4EC9CE99-2382-48BB-8845-9851CD5FABA0}.Debug|x86.Build.0 = Debug|x86
		{4EC9CE99-2382-48BB-8845-9851CD5FABA0}.Release|ARM.ActiveCfg = Release|ARM
		{4EC9CE99-2382-48BB-8845-9851CD5FABA0}.Release|ARM.Build.0 = Release|ARM
		{4EC9CE99-2382-48BB-8845-9851CD5FABA0}.Release|ARM64.ActiveCfg = Release|ARM64
		{4EC9CE99-2382-48BB-8845-9851CD5FABA0}.Release|ARM64.Build.0 = Release|ARM64
		{4EC9CE99-2382-48BB-8845-9851CD5FABA0}.Release|x64.ActiveCfg = Release|x64
		{4EC9CE99-2382-48BB-8845-9851CD5FABA0}.Release|x64.Build.0 = Release|x64
		{4EC9CE99-2382-48BB-8845-9851CD5FABA0}.Release|x86.ActiveCfg = Release|x86
		{4EC9CE99-2382-48BB-8845-9851CD5FABA0}.Release|x86.Build.0 = Release|x86
		{DDBB3AD2-DEF7-4AA4-B262-5F7AF88A0C56}.Debug|ARM.ActiveCfg = Debug|ARM
		{DDBB3AD2-DEF7-4AA4-B262-5F7AF88A0C56}.Debug|ARM.Build.0 = Debug|ARM
		{DDBB3AD2-DEF7-4AA4-B262-5F7AF88A0C56}.Debug|ARM64.ActiveCfg = Debug|ARM64
		{DDBB3AD2-DEF7-4AA4-B262-5F7AF88A0C56}.Debug|ARM64.Build.0 = Debug|ARM64
		{DDBB3AD2-DEF7-4AA4-B262-5F7AF88A0C56}.Debug|x64.ActiveCfg = Debug|x64
		{DDBB3AD2-DEF7-4AA4-B262-5F7AF88A0C56}.Debug|x64.Build.0 = Debug|x64
		{DDBB3AD2-DEF7-4AA4-B262-5F7AF88A0C56}.Debug|x86.ActiveCfg = Debug|x86
		{DDBB3AD2-DEF7-4AA4-B262-5F7AF88A0C56}.Debug|x86.Build.0 = Debug|x86
		{DDBB3AD2-DEF7-4AA4-B262-5F7AF88A0C56}.Release|ARM.ActiveCfg = Release|ARM
		{DDBB3AD2-DEF7-4AA4-B262-5F7AF88A0C56}.Release|ARM.Build.0 = Release|ARM
		{DDBB3AD2-DEF7-4AA4-B262-5F7AF88A0C56}.Release|ARM64.ActiveCfg = Release|ARM64
		{DDBB3AD2-DEF7-4AA4-B262-5F7AF88A0C56}.Release|ARM64.Build.0 = Release|ARM64
		{DDBB3AD2-DEF7-4AA4-B262-5F7AF88A0C56}.Release|x64.ActiveCfg = Release|x64
		{DDBB3AD2-DEF7-4AA4-B262-5F7AF88A0C56}.Release|x64.Build.0 = Release|x64
		{DDBB3AD2-DEF7-4AA4-B262-5F7AF88A0C56}.Release|x86.ActiveCfg = Release|x86
		{DDBB3AD2-DEF7-4AA4-B262-5F7AF88A0C56}.Release|x86.Build.0 = Release|x86
		{8DFF83BF-A828-44F8-B33A-F83C60F8602C}.Debug|ARM.ActiveCfg = Debug|ARM
		{8DFF83BF-A828-44F8-B33A-F83C60F8602C}.Debug|ARM.Build.0 = Debug|ARM
		{8DFF83BF-A828-44F8-B33A-F83C60F8602C}.Debug|ARM64.ActiveCfg = Debug|ARM64
		{8DFF83BF-A828-44F8-B33A-F83C60F8602C}.Debug|ARM64.Build.0 = Debug|ARM64
		{8DFF83BF-A828-44F8-B33A-F83C60F8602C}.Debug|x64.ActiveCfg = Debug|x64
		{8DFF83BF-A828-44F8-B33A-F83C60F8602C}.Debug|x64.Build.0 = Debug|x64
		{8DFF83BF-A828-44F8-B33A-F83C60F8602C}.Debug|x86.ActiveCfg = Debug|x86
		{8DFF83BF-A828-44F8-B33A-F83C60F8602C}.Debug|x86.Build.0 = Debug|x86
		{8DFF83BF-A828-44F8-B33A-F83C60F8602C}.Release|ARM.ActiveCfg = Release|ARM
		{8DFF83BF-A828-44F8-B33A-F83C60F8602C}.Release|ARM.Build.0 = Release|ARM
		{8DFF83BF-A828-44F8-B33A-F83C60F8602C}.Release|ARM64.ActiveCfg = Release|ARM64
		{8DFF83BF-A828-44F8-B33A-F83C60F8602C}.Release|ARM64.Build.0 = Release|ARM64
		{8DFF83BF-A828-44F8-B33A-F83C60F8602C}.Release|x64.ActiveCfg = Release|x64
		{8DFF83BF-A828-44F8-B33A-F83C60F8602C}.Release|x64.Build.0 = Release|x64
		{8DFF83BF-A828-44F8-B33A-F83C60F8602C}.Release|x86.ActiveCfg = Release|x86
		{8DFF83BF-A828-44F8-B33A-F83C60F8602C}.Release|x86.Build.0 = Release|x86
		{8A57189A-73B9-4A19-92A6-7E1261F19492}.Debug|ARM.ActiveCfg = Debug|ARM
		{8A57189A-73B9-4A19-92A6-7E1261F19492}.Debug|ARM.Build.0 = Debug|ARM
		{8A57189A-73B9-4A19-92A6-7E1261F19492}.Debug|ARM64.ActiveCfg = Debug|ARM64
		{8A57189A-73B9-4A19-92A6-7E1261F19492}.Debug|ARM64.Build.0 = Debug|ARM64
		{8A57189A-73B9-4A19-92A6-7E1261F19492}.Debug|x64.ActiveCfg = Debug|x64
		{8A57189A-73B9-4A19-92A6-7E1261F19492}.Debug|x64.Build.0 = Debug|x64
		{8A57189A-73B9-4A19-92A6-7E1261F19492}.Debug|x86.ActiveCfg = Debug|x86
		{8A57189A-73B9-4A19-92A6-7E1261F19492}.Debug|x86.Build.0 = Debug|x86
		{8A57189A-73B9-4A19-92A6-7E1261F19492}.Release|ARM.ActiveCfg = Release|ARM
		{8A57189A-73B9-4A19-92A6-7E1261F19492}.Release|ARM.Build.0 = Release|ARM
		{8A57189A-73B9-4A19-92A6-7E1261F19492}.Release|ARM64.ActiveCfg = Release|ARM64
		{8A57189A-73B9-4A19-92A6-7E1261F19492}.Release|ARM64.Build.0 = Release|ARM64
		{8A57189A-73B9-4A19-92A6-7E1261F19492}.Release|x64.ActiveCfg = Release|x64
		{8A57189A-73B9-4A19-92A6-7E1261F19492}.Release|x64.Build.0 = Release|x64
		{8A57189A-73B9-4A19-92A6-7E1261F19492}.Release|x86.ActiveCfg = Release|x86
		{8A57189A-73B9-4A19-92A6-7E1261F19492}.Release|x86.Build.0 = Release|x86
	EndGlobalSection
	GlobalSection(SolutionProperties) = preSolution
		HideSolutionNode = FALSE
	EndGlobalSection
	GlobalSection(NestedProjects) = preSolution
		{57DADC55-241F-4AC9-A32C-0D1EA2B1757F} = {C09832DA-D7C5-42CA-8D89-E67CD57E313B}
		{4682F17E-48F6-473D-88E9-29972B6AC44C} = {77AD8BBB-FF2E-4018-9449-4B67617E236C}
		{4EC9CE99-2382-48BB-8845-9851CD5FABA0} = {77AD8BBB-FF2E-4018-9449-4B67617E236C}
		{DDBB3AD2-DEF7-4AA4-B262-5F7AF88A0C56} = {77AD8BBB-FF2E-4018-9449-4B67617E236C}
		{8DFF83BF-A828-44F8-B33A-F83C60F8602C} = {C09832DA-D7C5-42CA-8D89-E67CD57E313B}
		{8A57189A-73B9-4A19-92A6-7E1261F19492} = {C09832DA-D7C5-42CA-8D89-E67CD57E313B}
	EndGlobalSection
	GlobalSection(ExtensibilityGlobals) = postSolution
		SolutionGuid = {7DA1F283-2D12-4A34-B41C-41EC59239963}
	EndGlobalSection
EndGlobal
